// !$*UTF8*$!
{
	archiveVersion = 1;
	classes = {
	};
	objectVersion = 45;
	objects = {

/* Begin PBXBuildFile section */
		1D3623260D0F684500981E51 /* PeepCodeNewsAppDelegate.m in Sources */ = {isa = PBXBuildFile; fileRef = 1D3623250D0F684500981E51 /* PeepCodeNewsAppDelegate.m */; };
		1D60589B0D05DD56006BFB54 /* main.m in Sources */ = {isa = PBXBuildFile; fileRef = 29B97316FDCFA39411CA2CEA /* main.m */; };
		1D60589F0D05DD5A006BFB54 /* Foundation.framework in Frameworks */ = {isa = PBXBuildFile; fileRef = 1D30AB110D05D00D00671497 /* Foundation.framework */; };
		1DF5F4E00D08C38300B7A737 /* UIKit.framework in Frameworks */ = {isa = PBXBuildFile; fileRef = 1DF5F4DF0D08C38300B7A737 /* UIKit.framework */; };
		28216C970DB411BC00E5133A /* TFWebViewController.m in Sources */ = {isa = PBXBuildFile; fileRef = 28216C960DB411BC00E5133A /* TFWebViewController.m */; };
		288765080DF74369002DB57D /* CoreGraphics.framework in Frameworks */ = {isa = PBXBuildFile; fileRef = 288765070DF74369002DB57D /* CoreGraphics.framework */; };
		28AD73880D9D96C1002E5188 /* MainWindow.xib in Resources */ = {isa = PBXBuildFile; fileRef = 28AD73870D9D96C1002E5188 /* MainWindow.xib */; };
		751B2124103F586A00A98066 /* default-43x43.png in Resources */ = {isa = PBXBuildFile; fileRef = 751B2122103F586A00A98066 /* default-43x43.png */; };
		751B2125103F586A00A98066 /* default-320x480.png in Resources */ = {isa = PBXBuildFile; fileRef = 751B2123103F586A00A98066 /* default-320x480.png */; };
		7544E2E7103921C30053B7BC /* UIImage+INResizeImageAllocator.m in Sources */ = {isa = PBXBuildFile; fileRef = 7544E2E6103921C30053B7BC /* UIImage+INResizeImageAllocator.m */; };
		75BAB4EA103B432F00C4616F /* TFParagraphCell.m in Sources */ = {isa = PBXBuildFile; fileRef = 75BAB4E9103B432F00C4616F /* TFParagraphCell.m */; };
		75BAB548103B521300C4616F /* TFThumbnailView.m in Sources */ = {isa = PBXBuildFile; fileRef = 75BAB547103B521300C4616F /* TFThumbnailView.m */; };
		75BAB711103BC53000C4616F /* TFAppHelpers.m in Sources */ = {isa = PBXBuildFile; fileRef = 75BAB710103BC53000C4616F /* TFAppHelpers.m */; };
		75BEB26B1039F713001B4DA7 /* TFNewsDetailTableViewController.m in Sources */ = {isa = PBXBuildFile; fileRef = 75BEB26A1039F713001B4DA7 /* TFNewsDetailTableViewController.m */; };
		75C787541040614C004745CA /* Entitlements.plist in Resources */ = {isa = PBXBuildFile; fileRef = 75C787531040614C004745CA /* Entitlements.plist */; };
		75D65851104479F200917C53 /* TFLoggingViewController.m in Sources */ = {isa = PBXBuildFile; fileRef = 75D65850104479F200917C53 /* TFLoggingViewController.m */; };
		75E06E0F10360533006C74D0 /* 33-cabinet.png in Resources */ = {isa = PBXBuildFile; fileRef = 75E06E0C10360533006C74D0 /* 33-cabinet.png */; };
		75E06E1110360533006C74D0 /* 83-calendar.png in Resources */ = {isa = PBXBuildFile; fileRef = 75E06E0E10360533006C74D0 /* 83-calendar.png */; };
		75E06E151036060A006C74D0 /* TFWebView.xib in Resources */ = {isa = PBXBuildFile; fileRef = 75E06E141036060A006C74D0 /* TFWebView.xib */; };
		75E06E2A10360926006C74D0 /* TFThumbnailViewController.m in Sources */ = {isa = PBXBuildFile; fileRef = 75E06E2810360926006C74D0 /* TFThumbnailViewController.m */; };
		75E06F1E10379BE6006C74D0 /* TFNewsItem.m in Sources */ = {isa = PBXBuildFile; fileRef = 75E06F1D10379BE6006C74D0 /* TFNewsItem.m */; };
		75E06F731037D341006C74D0 /* TFNewsListTableViewController.m in Sources */ = {isa = PBXBuildFile; fileRef = 75E06F721037D341006C74D0 /* TFNewsListTableViewController.m */; };
/* End PBXBuildFile section */

/* Begin PBXFileReference section */
		1D30AB110D05D00D00671497 /* Foundation.framework */ = {isa = PBXFileReference; lastKnownFileType = wrapper.framework; name = Foundation.framework; path = System/Library/Frameworks/Foundation.framework; sourceTree = SDKROOT; };
		1D3623240D0F684500981E51 /* PeepCodeNewsAppDelegate.h */ = {isa = PBXFileReference; fileEncoding = 4; lastKnownFileType = sourcecode.c.h; path = PeepCodeNewsAppDelegate.h; sourceTree = "<group>"; };
		1D3623250D0F684500981E51 /* PeepCodeNewsAppDelegate.m */ = {isa = PBXFileReference; fileEncoding = 4; lastKnownFileType = sourcecode.c.objc; path = PeepCodeNewsAppDelegate.m; sourceTree = "<group>"; };
		1D6058910D05DD3D006BFB54 /* PeepCodeNews.app */ = {isa = PBXFileReference; explicitFileType = wrapper.application; includeInIndex = 0; path = PeepCodeNews.app; sourceTree = BUILT_PRODUCTS_DIR; };
		1DF5F4DF0D08C38300B7A737 /* UIKit.framework */ = {isa = PBXFileReference; lastKnownFileType = wrapper.framework; name = UIKit.framework; path = System/Library/Frameworks/UIKit.framework; sourceTree = SDKROOT; };
		28216C950DB411BC00E5133A /* TFWebViewController.h */ = {isa = PBXFileReference; fileEncoding = 4; lastKnownFileType = sourcecode.c.h; name = TFWebViewController.h; path = Controllers/TFWebViewController.h; sourceTree = "<group>"; };
		28216C960DB411BC00E5133A /* TFWebViewController.m */ = {isa = PBXFileReference; fileEncoding = 4; lastKnownFileType = sourcecode.c.objc; name = TFWebViewController.m; path = Controllers/TFWebViewController.m; sourceTree = "<group>"; };
		288765070DF74369002DB57D /* CoreGraphics.framework */ = {isa = PBXFileReference; lastKnownFileType = wrapper.framework; name = CoreGraphics.framework; path = System/Library/Frameworks/CoreGraphics.framework; sourceTree = SDKROOT; };
		28A0AB4B0D9B1048005BE974 /* PeepCodeNews_Prefix.pch */ = {isa = PBXFileReference; fileEncoding = 4; lastKnownFileType = sourcecode.c.h; path = PeepCodeNews_Prefix.pch; sourceTree = "<group>"; };
		28AD73870D9D96C1002E5188 /* MainWindow.xib */ = {isa = PBXFileReference; lastKnownFileType = file.xib; path = MainWindow.xib; sourceTree = "<group>"; };
		29B97316FDCFA39411CA2CEA /* main.m */ = {isa = PBXFileReference; fileEncoding = 4; lastKnownFileType = sourcecode.c.objc; path = main.m; sourceTree = "<group>"; };
		751B2122103F586A00A98066 /* default-43x43.png */ = {isa = PBXFileReference; lastKnownFileType = image.png; name = "default-43x43.png"; path = "Images/default-43x43.png"; sourceTree = "<group>"; };
		751B2123103F586A00A98066 /* default-320x480.png */ = {isa = PBXFileReference; lastKnownFileType = image.png; name = "default-320x480.png"; path = "Images/default-320x480.png"; sourceTree = "<group>"; };
		7532A78D105706360096AF7A /* libxml2.2.dylib */ = {isa = PBXFileReference; lastKnownFileType = "compiled.mach-o.dylib"; name = libxml2.2.dylib; path = usr/lib/libxml2.2.dylib; sourceTree = SDKROOT; };
		7544E2E5103921C30053B7BC /* UIImage+INResizeImageAllocator.h */ = {isa = PBXFileReference; fileEncoding = 4; lastKnownFileType = sourcecode.c.h; name = "UIImage+INResizeImageAllocator.h"; path = "Categories/UIImage+INResizeImageAllocator.h"; sourceTree = "<group>"; };
		7544E2E6103921C30053B7BC /* UIImage+INResizeImageAllocator.m */ = {isa = PBXFileReference; fileEncoding = 4; lastKnownFileType = sourcecode.c.objc; name = "UIImage+INResizeImageAllocator.m"; path = "Categories/UIImage+INResizeImageAllocator.m"; sourceTree = "<group>"; };
		75BAB4E8103B432F00C4616F /* TFParagraphCell.h */ = {isa = PBXFileReference; fileEncoding = 4; lastKnownFileType = sourcecode.c.h; name = TFParagraphCell.h; path = Views/TFParagraphCell.h; sourceTree = "<group>"; };
		75BAB4E9103B432F00C4616F /* TFParagraphCell.m */ = {isa = PBXFileReference; fileEncoding = 4; lastKnownFileType = sourcecode.c.objc; name = TFParagraphCell.m; path = Views/TFParagraphCell.m; sourceTree = "<group>"; };
		75BAB546103B521300C4616F /* TFThumbnailView.h */ = {isa = PBXFileReference; fileEncoding = 4; lastKnownFileType = sourcecode.c.h; name = TFThumbnailView.h; path = Views/TFThumbnailView.h; sourceTree = "<group>"; };
		75BAB547103B521300C4616F /* TFThumbnailView.m */ = {isa = PBXFileReference; fileEncoding = 4; lastKnownFileType = sourcecode.c.objc; name = TFThumbnailView.m; path = Views/TFThumbnailView.m; sourceTree = "<group>"; };
		75BAB70F103BC53000C4616F /* TFAppHelpers.h */ = {isa = PBXFileReference; fileEncoding = 4; lastKnownFileType = sourcecode.c.h; name = TFAppHelpers.h; path = Helpers/TFAppHelpers.h; sourceTree = "<group>"; };
		75BAB710103BC53000C4616F /* TFAppHelpers.m */ = {isa = PBXFileReference; fileEncoding = 4; lastKnownFileType = sourcecode.c.objc; name = TFAppHelpers.m; path = Helpers/TFAppHelpers.m; sourceTree = "<group>"; };
		75BEB2691039F713001B4DA7 /* TFNewsDetailTableViewController.h */ = {isa = PBXFileReference; fileEncoding = 4; lastKnownFileType = sourcecode.c.h; name = TFNewsDetailTableViewController.h; path = Controllers/TFNewsDetailTableViewController.h; sourceTree = "<group>"; };
		75BEB26A1039F713001B4DA7 /* TFNewsDetailTableViewController.m */ = {isa = PBXFileReference; fileEncoding = 4; lastKnownFileType = sourcecode.c.objc; name = TFNewsDetailTableViewController.m; path = Controllers/TFNewsDetailTableViewController.m; sourceTree = "<group>"; };
		75C787531040614C004745CA /* Entitlements.plist */ = {isa = PBXFileReference; fileEncoding = 4; lastKnownFileType = text.plist.xml; path = Entitlements.plist; sourceTree = "<group>"; };
		75D6584F104479F200917C53 /* TFLoggingViewController.h */ = {isa = PBXFileReference; fileEncoding = 4; lastKnownFileType = sourcecode.c.h; name = TFLoggingViewController.h; path = Categories/TFLoggingViewController.h; sourceTree = "<group>"; };
		75D65850104479F200917C53 /* TFLoggingViewController.m */ = {isa = PBXFileReference; fileEncoding = 4; lastKnownFileType = sourcecode.c.objc; name = TFLoggingViewController.m; path = Categories/TFLoggingViewController.m; sourceTree = "<group>"; };
		75E06E0C10360533006C74D0 /* 33-cabinet.png */ = {isa = PBXFileReference; lastKnownFileType = image.png; name = "33-cabinet.png"; path = "Images/icons/33-cabinet.png"; sourceTree = "<group>"; };
		75E06E0E10360533006C74D0 /* 83-calendar.png */ = {isa = PBXFileReference; lastKnownFileType = image.png; name = "83-calendar.png"; path = "Images/icons/83-calendar.png"; sourceTree = "<group>"; };
		75E06E141036060A006C74D0 /* TFWebView.xib */ = {isa = PBXFileReference; lastKnownFileType = file.xib; name = TFWebView.xib; path = XIB/TFWebView.xib; sourceTree = "<group>"; };
		75E06E2710360926006C74D0 /* TFThumbnailViewController.h */ = {isa = PBXFileReference; fileEncoding = 4; lastKnownFileType = sourcecode.c.h; name = TFThumbnailViewController.h; path = Controllers/TFThumbnailViewController.h; sourceTree = "<group>"; };
		75E06E2810360926006C74D0 /* TFThumbnailViewController.m */ = {isa = PBXFileReference; fileEncoding = 4; lastKnownFileType = sourcecode.c.objc; name = TFThumbnailViewController.m; path = Controllers/TFThumbnailViewController.m; sourceTree = "<group>"; };
		75E06F1C10379BE6006C74D0 /* TFNewsItem.h */ = {isa = PBXFileReference; fileEncoding = 4; lastKnownFileType = sourcecode.c.h; name = TFNewsItem.h; path = Models/TFNewsItem.h; sourceTree = "<group>"; };
		75E06F1D10379BE6006C74D0 /* TFNewsItem.m */ = {isa = PBXFileReference; fileEncoding = 4; lastKnownFileType = sourcecode.c.objc; name = TFNewsItem.m; path = Models/TFNewsItem.m; sourceTree = "<group>"; };
		75E06F711037D341006C74D0 /* TFNewsListTableViewController.h */ = {isa = PBXFileReference; fileEncoding = 4; lastKnownFileType = sourcecode.c.h; name = TFNewsListTableViewController.h; path = Controllers/TFNewsListTableViewController.h; sourceTree = "<group>"; };
		75E06F721037D341006C74D0 /* TFNewsListTableViewController.m */ = {isa = PBXFileReference; fileEncoding = 4; lastKnownFileType = sourcecode.c.objc; name = TFNewsListTableViewController.m; path = Controllers/TFNewsListTableViewController.m; sourceTree = "<group>"; };
		8D1107310486CEB800E47090 /* Info.plist */ = {isa = PBXFileReference; fileEncoding = 4; lastKnownFileType = text.plist.xml; path = Info.plist; plistStructureDefinitionIdentifier = "com.apple.xcode.plist.structure-definition.iphone.info-plist"; sourceTree = "<group>"; };
/* End PBXFileReference section */

/* Begin PBXFrameworksBuildPhase section */
		1D60588F0D05DD3D006BFB54 /* Frameworks */ = {
			isa = PBXFrameworksBuildPhase;
			buildActionMask = 2147483647;
			files = (
				1D60589F0D05DD5A006BFB54 /* Foundation.framework in Frameworks */,
				1DF5F4E00D08C38300B7A737 /* UIKit.framework in Frameworks */,
				288765080DF74369002DB57D /* CoreGraphics.framework in Frameworks */,
			);
			runOnlyForDeploymentPostprocessing = 0;
		};
/* End PBXFrameworksBuildPhase section */

/* Begin PBXGroup section */
		080E96DDFE201D6D7F000001 /* Classes */ = {
			isa = PBXGroup;
			children = (
				75BAB70E103BC4DA00C4616F /* Helpers */,
				75BAB4D3103B419E00C4616F /* Views */,
				7544E2E4103921920053B7BC /* Categories */,
				75E06F701037D31D006C74D0 /* Controllers */,
				75E06F1B10379BA3006C74D0 /* Models */,
				1D3623240D0F684500981E51 /* PeepCodeNewsAppDelegate.h */,
				1D3623250D0F684500981E51 /* PeepCodeNewsAppDelegate.m */,
			);
			path = Classes;
			sourceTree = "<group>";
		};
		19C28FACFE9D520D11CA2CBB /* Products */ = {
			isa = PBXGroup;
			children = (
				1D6058910D05DD3D006BFB54 /* PeepCodeNews.app */,
			);
			name = Products;
			sourceTree = "<group>";
		};
		29B97314FDCFA39411CA2CEA /* PeepCodeNews */ = {
			isa = PBXGroup;
			children = (
				080E96DDFE201D6D7F000001 /* Classes */,
				29B97315FDCFA39411CA2CEA /* Other Sources */,
				29B97317FDCFA39411CA2CEA /* Resources */,
				29B97323FDCFA39411CA2CEA /* Frameworks */,
				19C28FACFE9D520D11CA2CBB /* Products */,
				7532A78D105706360096AF7A /* libxml2.2.dylib */,
			);
			name = PeepCodeNews;
			sourceTree = "<group>";
		};
		29B97315FDCFA39411CA2CEA /* Other Sources */ = {
			isa = PBXGroup;
			children = (
				28A0AB4B0D9B1048005BE974 /* PeepCodeNews_Prefix.pch */,
				29B97316FDCFA39411CA2CEA /* main.m */,
			);
			name = "Other Sources";
			sourceTree = "<group>";
		};
		29B97317FDCFA39411CA2CEA /* Resources */ = {
			isa = PBXGroup;
			children = (
				75E06E0A1036047E006C74D0 /* Icons */,
				28AD73870D9D96C1002E5188 /* MainWindow.xib */,
				8D1107310486CEB800E47090 /* Info.plist */,
				75E06E141036060A006C74D0 /* TFWebView.xib */,
				75C787531040614C004745CA /* Entitlements.plist */,
			);
			name = Resources;
			sourceTree = "<group>";
		};
		29B97323FDCFA39411CA2CEA /* Frameworks */ = {
			isa = PBXGroup;
			children = (
				1DF5F4DF0D08C38300B7A737 /* UIKit.framework */,
				1D30AB110D05D00D00671497 /* Foundation.framework */,
				288765070DF74369002DB57D /* CoreGraphics.framework */,
			);
			name = Frameworks;
			sourceTree = "<group>";
		};
		7544E2E4103921920053B7BC /* Categories */ = {
			isa = PBXGroup;
			children = (
				7544E2E5103921C30053B7BC /* UIImage+INResizeImageAllocator.h */,
				7544E2E6103921C30053B7BC /* UIImage+INResizeImageAllocator.m */,
				75D6584F104479F200917C53 /* TFLoggingViewController.h */,
				75D65850104479F200917C53 /* TFLoggingViewController.m */,
			);
			name = Categories;
			sourceTree = "<group>";
		};
		75BAB4D3103B419E00C4616F /* Views */ = {
			isa = PBXGroup;
			children = (
				75BAB4E8103B432F00C4616F /* TFParagraphCell.h */,
				75BAB4E9103B432F00C4616F /* TFParagraphCell.m */,
				75BAB546103B521300C4616F /* TFThumbnailView.h */,
				75BAB547103B521300C4616F /* TFThumbnailView.m */,
			);
			name = Views;
			sourceTree = "<group>";
		};
		75BAB70E103BC4DA00C4616F /* Helpers */ = {
			isa = PBXGroup;
			children = (
				75BAB70F103BC53000C4616F /* TFAppHelpers.h */,
				75BAB710103BC53000C4616F /* TFAppHelpers.m */,
			);
			name = Helpers;
			sourceTree = "<group>";
		};
		75E06E0A1036047E006C74D0 /* Icons */ = {
			isa = PBXGroup;
			children = (
				751B2122103F586A00A98066 /* default-43x43.png */,
				751B2123103F586A00A98066 /* default-320x480.png */,
				75E06E0C10360533006C74D0 /* 33-cabinet.png */,
				75E06E0E10360533006C74D0 /* 83-calendar.png */,
			);
			name = Icons;
			sourceTree = "<group>";
		};
		75E06F1B10379BA3006C74D0 /* Models */ = {
			isa = PBXGroup;
			children = (
				75E06F1C10379BE6006C74D0 /* TFNewsItem.h */,
				75E06F1D10379BE6006C74D0 /* TFNewsItem.m */,
			);
			name = Models;
			sourceTree = "<group>";
		};
		75E06F701037D31D006C74D0 /* Controllers */ = {
			isa = PBXGroup;
			children = (
				28216C950DB411BC00E5133A /* TFWebViewController.h */,
				28216C960DB411BC00E5133A /* TFWebViewController.m */,
				75E06E2710360926006C74D0 /* TFThumbnailViewController.h */,
				75E06E2810360926006C74D0 /* TFThumbnailViewController.m */,
				75E06F711037D341006C74D0 /* TFNewsListTableViewController.h */,
				75E06F721037D341006C74D0 /* TFNewsListTableViewController.m */,
				75BEB2691039F713001B4DA7 /* TFNewsDetailTableViewController.h */,
				75BEB26A1039F713001B4DA7 /* TFNewsDetailTableViewController.m */,
			);
			name = Controllers;
			sourceTree = "<group>";
		};
/* End PBXGroup section */

/* Begin PBXNativeTarget section */
		1D6058900D05DD3D006BFB54 /* PeepCodeNews */ = {
			isa = PBXNativeTarget;
			buildConfigurationList = 1D6058960D05DD3E006BFB54 /* Build configuration list for PBXNativeTarget "PeepCodeNews" */;
			buildPhases = (
				1D60588D0D05DD3D006BFB54 /* Resources */,
				1D60588E0D05DD3D006BFB54 /* Sources */,
				1D60588F0D05DD3D006BFB54 /* Frameworks */,
			);
			buildRules = (
			);
			dependencies = (
			);
			name = PeepCodeNews;
			productName = PeepCodeNews;
			productReference = 1D6058910D05DD3D006BFB54 /* PeepCodeNews.app */;
			productType = "com.apple.product-type.application";
		};
/* End PBXNativeTarget section */

/* Begin PBXProject section */
		29B97313FDCFA39411CA2CEA /* Project object */ = {
			isa = PBXProject;
			buildConfigurationList = C01FCF4E08A954540054247B /* Build configuration list for PBXProject "PeepCodeNews" */;
			compatibilityVersion = "Xcode 3.1";
			hasScannedForEncodings = 1;
			mainGroup = 29B97314FDCFA39411CA2CEA /* PeepCodeNews */;
			projectDirPath = "";
			projectRoot = "";
			targets = (
				1D6058900D05DD3D006BFB54 /* PeepCodeNews */,
			);
		};
/* End PBXProject section */

/* Begin PBXResourcesBuildPhase section */
		1D60588D0D05DD3D006BFB54 /* Resources */ = {
			isa = PBXResourcesBuildPhase;
			buildActionMask = 2147483647;
			files = (
				28AD73880D9D96C1002E5188 /* MainWindow.xib in Resources */,
				75E06E0F10360533006C74D0 /* 33-cabinet.png in Resources */,
				75E06E1110360533006C74D0 /* 83-calendar.png in Resources */,
				75E06E151036060A006C74D0 /* TFWebView.xib in Resources */,
				751B2124103F586A00A98066 /* default-43x43.png in Resources */,
				751B2125103F586A00A98066 /* default-320x480.png in Resources */,
				75C787541040614C004745CA /* Entitlements.plist in Resources */,
			);
			runOnlyForDeploymentPostprocessing = 0;
		};
/* End PBXResourcesBuildPhase section */

/* Begin PBXSourcesBuildPhase section */
		1D60588E0D05DD3D006BFB54 /* Sources */ = {
			isa = PBXSourcesBuildPhase;
			buildActionMask = 2147483647;
			files = (
				1D60589B0D05DD56006BFB54 /* main.m in Sources */,
				1D3623260D0F684500981E51 /* PeepCodeNewsAppDelegate.m in Sources */,
				28216C970DB411BC00E5133A /* TFWebViewController.m in Sources */,
				75E06E2A10360926006C74D0 /* TFThumbnailViewController.m in Sources */,
				75E06F1E10379BE6006C74D0 /* TFNewsItem.m in Sources */,
				75E06F731037D341006C74D0 /* TFNewsListTableViewController.m in Sources */,
				7544E2E7103921C30053B7BC /* UIImage+INResizeImageAllocator.m in Sources */,
				75BEB26B1039F713001B4DA7 /* TFNewsDetailTableViewController.m in Sources */,
				75BAB4EA103B432F00C4616F /* TFParagraphCell.m in Sources */,
				75BAB548103B521300C4616F /* TFThumbnailView.m in Sources */,
				75BAB711103BC53000C4616F /* TFAppHelpers.m in Sources */,
				75D65851104479F200917C53 /* TFLoggingViewController.m in Sources */,
			);
			runOnlyForDeploymentPostprocessing = 0;
		};
/* End PBXSourcesBuildPhase section */

/* Begin XCBuildConfiguration section */
		1D6058940D05DD3E006BFB54 /* Debug */ = {
			isa = XCBuildConfiguration;
			buildSettings = {
				ADDITIONAL_SDKS = "SDKs/httpriot-0.6.0/$(PLATFORM_NAME)$(IPHONEOS_DEPLOYMENT_TARGET).sdk";
				ALWAYS_SEARCH_USER_PATHS = NO;
				"CODE_SIGN_IDENTITY[sdk=iphoneos*]" = "iPhone Developer";
				CODE_SIGN_RESOURCE_RULES_PATH = "$(SDKROOT)/ResourceRules.plist";
				COPY_PHASE_STRIP = NO;
				GCC_DYNAMIC_NO_PIC = NO;
				GCC_OPTIMIZATION_LEVEL = 0;
				GCC_PRECOMPILE_PREFIX_HEADER = YES;
				GCC_PREFIX_HEADER = PeepCodeNews_Prefix.pch;
				HEADER_SEARCH_PATHS = "/usr/include/libxml2/**";
				INFOPLIST_FILE = Info.plist;
				OTHER_LDFLAGS = (
					"-lhttpriot",
					"-lxml2",
					"-ObjC",
					"-all_load",
				);
				PRODUCT_NAME = PeepCodeNews;
				"PROVISIONING_PROFILE[sdk=iphoneos*]" = "";
				SDKROOT = iphoneos3.0;
				TF_NEWS_API_URL = "http://news.peepcode.com";
			};
			name = Debug;
		};
		1D6058950D05DD3E006BFB54 /* Release */ = {
			isa = XCBuildConfiguration;
			buildSettings = {
				ADDITIONAL_SDKS = "SDKs/httpriot-0.6.0/$(PLATFORM_NAME)$(IPHONEOS_DEPLOYMENT_TARGET).sdk";
				ALWAYS_SEARCH_USER_PATHS = NO;
				"CODE_SIGN_IDENTITY[sdk=iphoneos*]" = "iPhone Developer: Geoffrey Grosenbach";
				CODE_SIGN_RESOURCE_RULES_PATH = "$(SDKROOT)/ResourceRules.plist";
				COPY_PHASE_STRIP = YES;
				GCC_PRECOMPILE_PREFIX_HEADER = YES;
				GCC_PREFIX_HEADER = PeepCodeNews_Prefix.pch;
				HEADER_SEARCH_PATHS = "/usr/include/libxml2/**";
				INFOPLIST_FILE = Info.plist;
				OTHER_LDFLAGS = (
					"-lhttpriot",
					"-lxml2",
					"-ObjC",
					"-all_load",
				);
				PRODUCT_NAME = PeepCodeNews;
				"PROVISIONING_PROFILE[sdk=iphoneos*]" = "CD1F1B03-3E48-4552-ABEF-FDFFFA2F6956";
				TF_NEWS_API_URL = "http://news.peepcode.com";
			};
			name = Release;
		};
		75C78751104060E0004745CA /* AdHoc */ = {
			isa = XCBuildConfiguration;
			buildSettings = {
				ARCHS = "$(ARCHS_STANDARD_32_BIT)";
				"CODE_SIGN_IDENTITY[sdk=iphoneos*]" = "iPhone Distribution: Topfunky Corporation";
				GCC_C_LANGUAGE_STANDARD = c99;
				GCC_WARN_ABOUT_RETURN_TYPE = YES;
				GCC_WARN_UNUSED_VARIABLE = YES;
				IPHONEOS_DEPLOYMENT_TARGET = 3.0;
				PREBINDING = NO;
				"PROVISIONING_PROFILE[sdk=iphoneos*]" = "A89DB967-506A-42DC-A1C5-8D0B47E43B2B";
				SDKROOT = iphoneos3.0;
			};
			name = AdHoc;
		};
		75C78752104060E0004745CA /* AdHoc */ = {
			isa = XCBuildConfiguration;
			buildSettings = {
				ADDITIONAL_SDKS = "SDKs/httpriot-0.6.0/$(PLATFORM_NAME)$(IPHONEOS_DEPLOYMENT_TARGET).sdk";
				ALWAYS_SEARCH_USER_PATHS = NO;
				CODE_SIGN_ENTITLEMENTS = Entitlements.plist;
				"CODE_SIGN_IDENTITY[sdk=iphoneos*]" = "iPhone Distribution: Topfunky Corporation";
				CODE_SIGN_RESOURCE_RULES_PATH = "$(SDKROOT)/ResourceRules.plist";
				COPY_PHASE_STRIP = YES;
				GCC_PRECOMPILE_PREFIX_HEADER = YES;
				GCC_PREFIX_HEADER = PeepCodeNews_Prefix.pch;
				HEADER_SEARCH_PATHS = "/usr/include/libxml2/**";
				INFOPLIST_FILE = Info.plist;
				OTHER_LDFLAGS = (
					"-lhttpriot",
					"-lxml2",
					"-ObjC",
					"-all_load",
				);
				PRODUCT_NAME = PeepCodeNews;
				"PROVISIONING_PROFILE[sdk=iphoneos*]" = "A89DB967-506A-42DC-A1C5-8D0B47E43B2B";
				TF_NEWS_API_URL = "http://news.peepcode.com";
			};
			name = AdHoc;
		};
		C01FCF4F08A954540054247B /* Debug */ = {
			isa = XCBuildConfiguration;
			buildSettings = {
				ARCHS = "$(ARCHS_STANDARD_32_BIT)";
				"CODE_SIGN_IDENTITY[sdk=iphoneos*]" = "Don't Code Sign";
				GCC_C_LANGUAGE_STANDARD = c99;
				GCC_WARN_ABOUT_RETURN_TYPE = YES;
				GCC_WARN_UNUSED_VARIABLE = YES;
				IPHONEOS_DEPLOYMENT_TARGET = 3.0;
				PREBINDING = NO;
				"PROVISIONING_PROFILE[sdk=iphoneos*]" = "";
				SDKROOT = iphoneos3.0;
			};
			name = Debug;
		};
		C01FCF5008A954540054247B /* Release */ = {
			isa = XCBuildConfiguration;
			buildSettings = {
				ARCHS = "$(ARCHS_STANDARD_32_BIT)";
				"CODE_SIGN_IDENTITY[sdk=iphoneos*]" = "iPhone Developer";
				GCC_C_LANGUAGE_STANDARD = c99;
				GCC_WARN_ABOUT_RETURN_TYPE = YES;
				GCC_WARN_UNUSED_VARIABLE = YES;
				IPHONEOS_DEPLOYMENT_TARGET = 3.0;
				PREBINDING = NO;
				SDKROOT = iphoneos3.0;
			};
			name = Release;
		};
/* End XCBuildConfiguration section */

/* Begin XCConfigurationList section */
		1D6058960D05DD3E006BFB54 /* Build configuration list for PBXNativeTarget "PeepCodeNews" */ = {
			isa = XCConfigurationList;
			buildConfigurations = (
				1D6058940D05DD3E006BFB54 /* Debug */,
				1D6058950D05DD3E006BFB54 /* Release */,
				75C78752104060E0004745CA /* AdHoc */,
			);
			defaultConfigurationIsVisible = 0;
			defaultConfigurationName = Release;
		};
		C01FCF4E08A954540054247B /* Build configuration list for PBXProject "PeepCodeNews" */ = {
			isa = XCConfigurationList;
			buildConfigurations = (
				C01FCF4F08A954540054247B /* Debug */,
				C01FCF5008A954540054247B /* Release */,
				75C78751104060E0004745CA /* AdHoc */,
			);
			defaultConfigurationIsVisible = 0;
			defaultConfigurationName = Release;
		};
/* End XCConfigurationList section */
	};
	rootObject = 29B97313FDCFA39411CA2CEA /* Project object */;
}
